
Microsoft Visual Studio Solution File, Format Version 12.00
# Visual Studio Version 17
VisualStudioVersion = 17.11.35327.3
MinimumVisualStudioVersion = 10.0.40219.1
Project("{2150E333-8FDC-42A3-9474-1A3956D46DE8}") = "Task0", "Task0", "{465059B3-FA5E-4F74-8795-4B40D74F2E79}"
EndProject
Project("{FAE04EC0-301F-11D3-BF4B-00C04F79EFBC}") = "Tyuiu.AsharabzyanovaAR.Sprint4.Task0.V9", "Tyuiu.AsharabzyanovaAR.Sprint4.Task0.V9\Tyuiu.AsharabzyanovaAR.Sprint4.Task0.V9.csproj", "{07C7143E-ACB0-4145-8208-9ED1D800BF05}"
EndProject
Project("{FAE04EC0-301F-11D3-BF4B-00C04F79EFBC}") = "Tyuiu.AsharabzyanovaAR.Sprint4.Task0.V9.Lib", "Tyuiu.AsharabzyanovaAR.Sprint4.Task0.V9.Lib\Tyuiu.AsharabzyanovaAR.Sprint4.Task0.V9.Lib.csproj", "{1094A1FF-A9A4-457F-B4A3-BCFA8FCA32C4}"
EndProject
Project("{FAE04EC0-301F-11D3-BF4B-00C04F79EFBC}") = "Tyuiu.AsharabzyanovaAR.Sprint4.Task0.V9.Test", "Tyuiu.AsharabzyanovaAR.Sprint4.Task0.V9.Test\Tyuiu.AsharabzyanovaAR.Sprint4.Task0.V9.Test.csproj", "{8947C529-2A61-4A51-B017-4F6A6138569B}"
EndProject
Project("{2150E333-8FDC-42A3-9474-1A3956D46DE8}") = "Task1", "Task1", "{97ECC797-2C50-469D-9BDA-1DEA6554445E}"
EndProject
Project("{FAE04EC0-301F-11D3-BF4B-00C04F79EFBC}") = "Tyuiu.AsharabzyanovaAR.Sprint4.Task1.V22", "Tyuiu.AsharabzyanovaAR.Sprint4.Task1.V22\Tyuiu.AsharabzyanovaAR.Sprint4.Task1.V22.csproj", "{798D8317-D47F-4E36-8252-D05DF325D5F5}"
EndProject
Project("{FAE04EC0-301F-11D3-BF4B-00C04F79EFBC}") = "Tyuiu.AsharabzyanovaAR.Sprint4.Task1.V22.Lib", "Tyuiu.AsharabzyanovaAR.Sprint4.Task1.V22.Lib\Tyuiu.AsharabzyanovaAR.Sprint4.Task1.V22.Lib.csproj", "{13DECF21-94BF-43EA-8636-9C9F34BFBB5E}"
EndProject
Project("{FAE04EC0-301F-11D3-BF4B-00C04F79EFBC}") = "Tyuiu.AsharabzyanovaAR.Sprint4.Task1.V22.Test", "Tyuiu.AsharabzyanovaAR.Sprint4.Task1.V22.Test\Tyuiu.AsharabzyanovaAR.Sprint4.Task1.V22.Test.csproj", "{8B205BDE-C3EB-402C-8B96-D2468791FBF0}"
EndProject
Project("{2150E333-8FDC-42A3-9474-1A3956D46DE8}") = "Task2", "Task2", "{48A6714A-17DD-442A-94F7-9B636B11BFA7}"
EndProject
Project("{FAE04EC0-301F-11D3-BF4B-00C04F79EFBC}") = "Tyuiu.AsharabzyanovaAR.Sprint4.Task2.V11", "Tyuiu.AsharabzyanovaAR.Sprint4.Task2.V11\Tyuiu.AsharabzyanovaAR.Sprint4.Task2.V11.csproj", "{BB5945D7-582F-4C4E-9EE1-B7A4EE2DD9DA}"
EndProject
Project("{FAE04EC0-301F-11D3-BF4B-00C04F79EFBC}") = "Tyuiu.AsharabzyanovaAR.Sprint4.Task2.V11.Lib", "Tyuiu.AsharabzyanovaAR.Sprint4.Task2.V11.Lib\Tyuiu.AsharabzyanovaAR.Sprint4.Task2.V11.Lib.csproj", "{BDBC565A-4D8D-48DA-BC97-11F02E047DBE}"
EndProject
Project("{FAE04EC0-301F-11D3-BF4B-00C04F79EFBC}") = "Tyuiu.AsharabzyanovaAR.Sprint4.Task2.V11.Test", "Tyuiu.AsharabzyanovaAR.Sprint4.Task2.V11.Test\Tyuiu.AsharabzyanovaAR.Sprint4.Task2.V11.Test.csproj", "{4475071B-F9DF-4A78-B92E-87B919F78A5F}"
EndProject
Project("{2150E333-8FDC-42A3-9474-1A3956D46DE8}") = "Task3", "Task3", "{7467EEBF-5FC8-4351-86B8-D6B7E7C0313E}"
EndProject
Project("{FAE04EC0-301F-11D3-BF4B-00C04F79EFBC}") = "Tyuiu.AsharabzyanovaAR.Sprint4.Task3.V6", "Tyuiu.AsharabzyanovaAR.Sprint4.Task3.V6\Tyuiu.AsharabzyanovaAR.Sprint4.Task3.V6.csproj", "{2517E8CD-97F5-47A6-ABAA-48208B65A7DE}"
EndProject
Project("{FAE04EC0-301F-11D3-BF4B-00C04F79EFBC}") = "Tyuiu.AsharabzyanovaAR.Sprint4.Task3.V6.Lib", "Tyuiu.AsharabzyanovaAR.Sprint4.Task3.V6.Lib\Tyuiu.AsharabzyanovaAR.Sprint4.Task3.V6.Lib.csproj", "{F423F74A-2D29-4240-9973-2A717393127C}"
EndProject
Project("{FAE04EC0-301F-11D3-BF4B-00C04F79EFBC}") = "Tyuiu.AsharabzyanovaAR.Sprint4.Task3.V6.Test", "Tyuiu.AsharabzyanovaAR.Sprint4.Task3.V6.Test\Tyuiu.AsharabzyanovaAR.Sprint4.Task3.V6.Test.csproj", "{421EB422-1154-46F0-84F2-F8F0E05C93EC}"
EndProject
Project("{2150E333-8FDC-42A3-9474-1A3956D46DE8}") = "Task4", "Task4", "{C35E25F2-A5B8-48CB-A880-B014FAF5955F}"
EndProject
Project("{FAE04EC0-301F-11D3-BF4B-00C04F79EFBC}") = "Tyuiu.AsharabzyanovaAR.Sprint4.Task4.V20", "Tyuiu.AsharabzyanovaAR.Sprint4.Task4.V20\Tyuiu.AsharabzyanovaAR.Sprint4.Task4.V20.csproj", "{D8F0F448-0DAA-4373-A6F1-D98DF098CBE4}"
EndProject
Project("{FAE04EC0-301F-11D3-BF4B-00C04F79EFBC}") = "Tyuiu.AsharabzyanovaAR.Sprint4.Task4.V20.Lib", "Tyuiu.AsharabzyanovaAR.Sprint4.Task4.V20.Lib\Tyuiu.AsharabzyanovaAR.Sprint4.Task4.V20.Lib.csproj", "{17C6E868-FAFE-4287-87F9-0138A4743ECF}"
EndProject
Project("{FAE04EC0-301F-11D3-BF4B-00C04F79EFBC}") = "Tyuiu.AsharabzyanovaAR.Sprint4.Task4.V20.Test", "Tyuiu.AsharabzyanovaAR.Sprint4.Task4.V20.Test\Tyuiu.AsharabzyanovaAR.Sprint4.Task4.V20.Test.csproj", "{73068E19-FCE0-4120-AF84-A0AB68D87243}"
EndProject
Project("{2150E333-8FDC-42A3-9474-1A3956D46DE8}") = "Task5", "Task5", "{C4AAA989-272A-4C59-A4E1-E077628E5D27}"
EndProject
Project("{FAE04EC0-301F-11D3-BF4B-00C04F79EFBC}") = "Tyuiu.AsharabzyanovaAR.Sprint4.Task5.V20", "Tyuiu.AsharabzyanovaAR.Sprint4.Task5.V20\Tyuiu.AsharabzyanovaAR.Sprint4.Task5.V20.csproj", "{2730785C-0B5E-435B-9AD4-8C477E54296C}"
EndProject
Project("{FAE04EC0-301F-11D3-BF4B-00C04F79EFBC}") = "Tyuiu.AsharabzyanovaAR.Sprint4.Task5.V20.Lib", "Tyuiu.AsharabzyanovaAR.Sprint4.Task5.V20.Lib\Tyuiu.AsharabzyanovaAR.Sprint4.Task5.V20.Lib.csproj", "{C3724B64-3373-4F57-939C-B777B0329A51}"
EndProject
Project("{FAE04EC0-301F-11D3-BF4B-00C04F79EFBC}") = "Tyuiu.AsharabzyanovaAR.Sprint4.Task5.V20.Test", "Tyuiu.AsharabzyanovaAR.Sprint4.Task5.V20.Test\Tyuiu.AsharabzyanovaAR.Sprint4.Task5.V20.Test.csproj", "{F11916A7-5252-44C3-AA78-7026493B280E}"
EndProject
Project("{2150E333-8FDC-42A3-9474-1A3956D46DE8}") = "Task6", "Task6", "{415ACBF3-D901-465E-AD8F-70033208A4AD}"
EndProject
Project("{FAE04EC0-301F-11D3-BF4B-00C04F79EFBC}") = "Tyuiu.AsharabzyanovaAR.Sprint4.Task6.V21", "Tyuiu.AsharabzyanovaAR.Sprint4.Task6.V21\Tyuiu.AsharabzyanovaAR.Sprint4.Task6.V21.csproj", "{AEDD2285-2C57-45A7-93D0-4E663C443E26}"
EndProject
Project("{FAE04EC0-301F-11D3-BF4B-00C04F79EFBC}") = "Tyuiu.AsharabzyanovaAR.Sprint4.Task6.V21.Lib", "Tyuiu.AsharabzyanovaAR.Sprint4.Task6.V21.Lib\Tyuiu.AsharabzyanovaAR.Sprint4.Task6.V21.Lib.csproj", "{D1F04351-C31B-4289-8781-A6C66E68C671}"
EndProject
Project("{FAE04EC0-301F-11D3-BF4B-00C04F79EFBC}") = "Tyuiu.AsharabzyanovaAR.Sprint4.Task6.V21.Test", "Tyuiu.AsharabzyanovaAR.Sprint4.Task6.V21.Test\Tyuiu.AsharabzyanovaAR.Sprint4.Task6.V21.Test.csproj", "{50572088-1E7C-4F91-83FE-0EB5255F8612}"
EndProject
Global
	GlobalSection(SolutionConfigurationPlatforms) = preSolution
		Debug|Any CPU = Debug|Any CPU
		Release|Any CPU = Release|Any CPU
	EndGlobalSection
	GlobalSection(ProjectConfigurationPlatforms) = postSolution
		{07C7143E-ACB0-4145-8208-9ED1D800BF05}.Debug|Any CPU.ActiveCfg = Debug|Any CPU
		{07C7143E-ACB0-4145-8208-9ED1D800BF05}.Debug|Any CPU.Build.0 = Debug|Any CPU
		{07C7143E-ACB0-4145-8208-9ED1D800BF05}.Release|Any CPU.ActiveCfg = Release|Any CPU
		{07C7143E-ACB0-4145-8208-9ED1D800BF05}.Release|Any CPU.Build.0 = Release|Any CPU
		{1094A1FF-A9A4-457F-B4A3-BCFA8FCA32C4}.Debug|Any CPU.ActiveCfg = Debug|Any CPU
		{1094A1FF-A9A4-457F-B4A3-BCFA8FCA32C4}.Debug|Any CPU.Build.0 = Debug|Any CPU
		{1094A1FF-A9A4-457F-B4A3-BCFA8FCA32C4}.Release|Any CPU.ActiveCfg = Release|Any CPU
		{1094A1FF-A9A4-457F-B4A3-BCFA8FCA32C4}.Release|Any CPU.Build.0 = Release|Any CPU
		{8947C529-2A61-4A51-B017-4F6A6138569B}.Debug|Any CPU.ActiveCfg = Debug|Any CPU
		{8947C529-2A61-4A51-B017-4F6A6138569B}.Debug|Any CPU.Build.0 = Debug|Any CPU
		{8947C529-2A61-4A51-B017-4F6A6138569B}.Release|Any CPU.ActiveCfg = Release|Any CPU
		{8947C529-2A61-4A51-B017-4F6A6138569B}.Release|Any CPU.Build.0 = Release|Any CPU
		{798D8317-D47F-4E36-8252-D05DF325D5F5}.Debug|Any CPU.ActiveCfg = Debug|Any CPU
		{798D8317-D47F-4E36-8252-D05DF325D5F5}.Debug|Any CPU.Build.0 = Debug|Any CPU
		{798D8317-D47F-4E36-8252-D05DF325D5F5}.Release|Any CPU.ActiveCfg = Release|Any CPU
		{798D8317-D47F-4E36-8252-D05DF325D5F5}.Release|Any CPU.Build.0 = Release|Any CPU
		{13DECF21-94BF-43EA-8636-9C9F34BFBB5E}.Debug|Any CPU.ActiveCfg = Debug|Any CPU
		{13DECF21-94BF-43EA-8636-9C9F34BFBB5E}.Debug|Any CPU.Build.0 = Debug|Any CPU
		{13DECF21-94BF-43EA-8636-9C9F34BFBB5E}.Release|Any CPU.ActiveCfg = Release|Any CPU
		{13DECF21-94BF-43EA-8636-9C9F34BFBB5E}.Release|Any CPU.Build.0 = Release|Any CPU
		{8B205BDE-C3EB-402C-8B96-D2468791FBF0}.Debug|Any CPU.ActiveCfg = Debug|Any CPU
		{8B205BDE-C3EB-402C-8B96-D2468791FBF0}.Debug|Any CPU.Build.0 = Debug|Any CPU
		{8B205BDE-C3EB-402C-8B96-D2468791FBF0}.Release|Any CPU.ActiveCfg = Release|Any CPU
		{8B205BDE-C3EB-402C-8B96-D2468791FBF0}.Release|Any CPU.Build.0 = Release|Any CPU
		{BB5945D7-582F-4C4E-9EE1-B7A4EE2DD9DA}.Debug|Any CPU.ActiveCfg = Debug|Any CPU
		{BB5945D7-582F-4C4E-9EE1-B7A4EE2DD9DA}.Debug|Any CPU.Build.0 = Debug|Any CPU
		{BB5945D7-582F-4C4E-9EE1-B7A4EE2DD9DA}.Release|Any CPU.ActiveCfg = Release|Any CPU
		{BB5945D7-582F-4C4E-9EE1-B7A4EE2DD9DA}.Release|Any CPU.Build.0 = Release|Any CPU
		{BDBC565A-4D8D-48DA-BC97-11F02E047DBE}.Debug|Any CPU.ActiveCfg = Debug|Any CPU
		{BDBC565A-4D8D-48DA-BC97-11F02E047DBE}.Debug|Any CPU.Build.0 = Debug|Any CPU
		{BDBC565A-4D8D-48DA-BC97-11F02E047DBE}.Release|Any CPU.ActiveCfg = Release|Any CPU
		{BDBC565A-4D8D-48DA-BC97-11F02E047DBE}.Release|Any CPU.Build.0 = Release|Any CPU
		{4475071B-F9DF-4A78-B92E-87B919F78A5F}.Debug|Any CPU.ActiveCfg = Debug|Any CPU
		{4475071B-F9DF-4A78-B92E-87B919F78A5F}.Debug|Any CPU.Build.0 = Debug|Any CPU
		{4475071B-F9DF-4A78-B92E-87B919F78A5F}.Release|Any CPU.ActiveCfg = Release|Any CPU
		{4475071B-F9DF-4A78-B92E-87B919F78A5F}.Release|Any CPU.Build.0 = Release|Any CPU
		{2517E8CD-97F5-47A6-ABAA-48208B65A7DE}.Debug|Any CPU.ActiveCfg = Debug|Any CPU
		{2517E8CD-97F5-47A6-ABAA-48208B65A7DE}.Debug|Any CPU.Build.0 = Debug|Any CPU
		{2517E8CD-97F5-47A6-ABAA-48208B65A7DE}.Release|Any CPU.ActiveCfg = Release|Any CPU
		{2517E8CD-97F5-47A6-ABAA-48208B65A7DE}.Release|Any CPU.Build.0 = Release|Any CPU
		{F423F74A-2D29-4240-9973-2A717393127C}.Debug|Any CPU.ActiveCfg = Debug|Any CPU
		{F423F74A-2D29-4240-9973-2A717393127C}.Debug|Any CPU.Build.0 = Debug|Any CPU
		{F423F74A-2D29-4240-9973-2A717393127C}.Release|Any CPU.ActiveCfg = Release|Any CPU
		{F423F74A-2D29-4240-9973-2A717393127C}.Release|Any CPU.Build.0 = Release|Any CPU
		{421EB422-1154-46F0-84F2-F8F0E05C93EC}.Debug|Any CPU.ActiveCfg = Debug|Any CPU
		{421EB422-1154-46F0-84F2-F8F0E05C93EC}.Debug|Any CPU.Build.0 = Debug|Any CPU
		{421EB422-1154-46F0-84F2-F8F0E05C93EC}.Release|Any CPU.ActiveCfg = Release|Any CPU
		{421EB422-1154-46F0-84F2-F8F0E05C93EC}.Release|Any CPU.Build.0 = Release|Any CPU
		{D8F0F448-0DAA-4373-A6F1-D98DF098CBE4}.Debug|Any CPU.ActiveCfg = Debug|Any CPU
		{D8F0F448-0DAA-4373-A6F1-D98DF098CBE4}.Debug|Any CPU.Build.0 = Debug|Any CPU
		{D8F0F448-0DAA-4373-A6F1-D98DF098CBE4}.Release|Any CPU.ActiveCfg = Release|Any CPU
		{D8F0F448-0DAA-4373-A6F1-D98DF098CBE4}.Release|Any CPU.Build.0 = Release|Any CPU
		{17C6E868-FAFE-4287-87F9-0138A4743ECF}.Debug|Any CPU.ActiveCfg = Debug|Any CPU
		{17C6E868-FAFE-4287-87F9-0138A4743ECF}.Debug|Any CPU.Build.0 = Debug|Any CPU
		{17C6E868-FAFE-4287-87F9-0138A4743ECF}.Release|Any CPU.ActiveCfg = Release|Any CPU
		{17C6E868-FAFE-4287-87F9-0138A4743ECF}.Release|Any CPU.Build.0 = Release|Any CPU
		{73068E19-FCE0-4120-AF84-A0AB68D87243}.Debug|Any CPU.ActiveCfg = Debug|Any CPU
		{73068E19-FCE0-4120-AF84-A0AB68D87243}.Debug|Any CPU.Build.0 = Debug|Any CPU
		{73068E19-FCE0-4120-AF84-A0AB68D87243}.Release|Any CPU.ActiveCfg = Release|Any CPU
		{73068E19-FCE0-4120-AF84-A0AB68D87243}.Release|Any CPU.Build.0 = Release|Any CPU
		{2730785C-0B5E-435B-9AD4-8C477E54296C}.Debug|Any CPU.ActiveCfg = Debug|Any CPU
		{2730785C-0B5E-435B-9AD4-8C477E54296C}.Debug|Any CPU.Build.0 = Debug|Any CPU
		{2730785C-0B5E-435B-9AD4-8C477E54296C}.Release|Any CPU.ActiveCfg = Release|Any CPU
		{2730785C-0B5E-435B-9AD4-8C477E54296C}.Release|Any CPU.Build.0 = Release|Any CPU
		{C3724B64-3373-4F57-939C-B777B0329A51}.Debug|Any CPU.ActiveCfg = Debug|Any CPU
		{C3724B64-3373-4F57-939C-B777B0329A51}.Debug|Any CPU.Build.0 = Debug|Any CPU
		{C3724B64-3373-4F57-939C-B777B0329A51}.Release|Any CPU.ActiveCfg = Release|Any CPU
		{C3724B64-3373-4F57-939C-B777B0329A51}.Release|Any CPU.Build.0 = Release|Any CPU
		{F11916A7-5252-44C3-AA78-7026493B280E}.Debug|Any CPU.ActiveCfg = Debug|Any CPU
		{F11916A7-5252-44C3-AA78-7026493B280E}.Debug|Any CPU.Build.0 = Debug|Any CPU
		{F11916A7-5252-44C3-AA78-7026493B280E}.Release|Any CPU.ActiveCfg = Release|Any CPU
		{F11916A7-5252-44C3-AA78-7026493B280E}.Release|Any CPU.Build.0 = Release|Any CPU
		{AEDD2285-2C57-45A7-93D0-4E663C443E26}.Debug|Any CPU.ActiveCfg = Debug|Any CPU
		{AEDD2285-2C57-45A7-93D0-4E663C443E26}.Debug|Any CPU.Build.0 = Debug|Any CPU
		{AEDD2285-2C57-45A7-93D0-4E663C443E26}.Release|Any CPU.ActiveCfg = Release|Any CPU
		{AEDD2285-2C57-45A7-93D0-4E663C443E26}.Release|Any CPU.Build.0 = Release|Any CPU
		{D1F04351-C31B-4289-8781-A6C66E68C671}.Debug|Any CPU.ActiveCfg = Debug|Any CPU
		{D1F04351-C31B-4289-8781-A6C66E68C671}.Debug|Any CPU.Build.0 = Debug|Any CPU
		{D1F04351-C31B-4289-8781-A6C66E68C671}.Release|Any CPU.ActiveCfg = Release|Any CPU
		{D1F04351-C31B-4289-8781-A6C66E68C671}.Release|Any CPU.Build.0 = Release|Any CPU
		{50572088-1E7C-4F91-83FE-0EB5255F8612}.Debug|Any CPU.ActiveCfg = Debug|Any CPU
		{50572088-1E7C-4F91-83FE-0EB5255F8612}.Debug|Any CPU.Build.0 = Debug|Any CPU
		{50572088-1E7C-4F91-83FE-0EB5255F8612}.Release|Any CPU.ActiveCfg = Release|Any CPU
		{50572088-1E7C-4F91-83FE-0EB5255F8612}.Release|Any CPU.Build.0 = Release|Any CPU
	EndGlobalSection
	GlobalSection(SolutionProperties) = preSolution
		HideSolutionNode = FALSE
	EndGlobalSection
	GlobalSection(NestedProjects) = preSolution
		{07C7143E-ACB0-4145-8208-9ED1D800BF05} = {465059B3-FA5E-4F74-8795-4B40D74F2E79}
		{1094A1FF-A9A4-457F-B4A3-BCFA8FCA32C4} = {465059B3-FA5E-4F74-8795-4B40D74F2E79}
		{8947C529-2A61-4A51-B017-4F6A6138569B} = {465059B3-FA5E-4F74-8795-4B40D74F2E79}
		{798D8317-D47F-4E36-8252-D05DF325D5F5} = {97ECC797-2C50-469D-9BDA-1DEA6554445E}
		{13DECF21-94BF-43EA-8636-9C9F34BFBB5E} = {97ECC797-2C50-469D-9BDA-1DEA6554445E}
		{8B205BDE-C3EB-402C-8B96-D2468791FBF0} = {97ECC797-2C50-469D-9BDA-1DEA6554445E}
		{BB5945D7-582F-4C4E-9EE1-B7A4EE2DD9DA} = {48A6714A-17DD-442A-94F7-9B636B11BFA7}
		{BDBC565A-4D8D-48DA-BC97-11F02E047DBE} = {48A6714A-17DD-442A-94F7-9B636B11BFA7}
		{4475071B-F9DF-4A78-B92E-87B919F78A5F} = {48A6714A-17DD-442A-94F7-9B636B11BFA7}
		{2517E8CD-97F5-47A6-ABAA-48208B65A7DE} = {7467EEBF-5FC8-4351-86B8-D6B7E7C0313E}
		{F423F74A-2D29-4240-9973-2A717393127C} = {7467EEBF-5FC8-4351-86B8-D6B7E7C0313E}
		{421EB422-1154-46F0-84F2-F8F0E05C93EC} = {7467EEBF-5FC8-4351-86B8-D6B7E7C0313E}
		{D8F0F448-0DAA-4373-A6F1-D98DF098CBE4} = {C35E25F2-A5B8-48CB-A880-B014FAF5955F}
		{17C6E868-FAFE-4287-87F9-0138A4743ECF} = {C35E25F2-A5B8-48CB-A880-B014FAF5955F}
		{73068E19-FCE0-4120-AF84-A0AB68D87243} = {C35E25F2-A5B8-48CB-A880-B014FAF5955F}
		{2730785C-0B5E-435B-9AD4-8C477E54296C} = {C4AAA989-272A-4C59-A4E1-E077628E5D27}
		{C3724B64-3373-4F57-939C-B777B0329A51} = {C4AAA989-272A-4C59-A4E1-E077628E5D27}
		{F11916A7-5252-44C3-AA78-7026493B280E} = {C4AAA989-272A-4C59-A4E1-E077628E5D27}
		{AEDD2285-2C57-45A7-93D0-4E663C443E26} = {415ACBF3-D901-465E-AD8F-70033208A4AD}
		{D1F04351-C31B-4289-8781-A6C66E68C671} = {415ACBF3-D901-465E-AD8F-70033208A4AD}
		{50572088-1E7C-4F91-83FE-0EB5255F8612} = {415ACBF3-D901-465E-AD8F-70033208A4AD}
	EndGlobalSection
	GlobalSection(ExtensibilityGlobals) = postSolution
		SolutionGuid = {E905394E-517D-4BA1-A530-F73794E52FB0}
	EndGlobalSection
EndGlobal
